# Generated by pub
# See https://dart.dev/tools/pub/glossary#lockfile
packages:
  args:
    dependency: transitive
    description:
      name: args
      sha256: "7cf60b9f0cc88203c5a190b4cd62a99feea42759a7fa695010eb5de1c0b2252a"
      url: "https://pub.dev"
    source: hosted
    version: "2.5.0"
  dotenv:
    dependency: "direct main"
    description:
      name: dotenv
      sha256: "379e64b6fc82d3df29461d349a1796ecd2c436c480d4653f3af6872eccbc90e1"
      url: "https://pub.dev"
    source: hosted
    version: "4.2.0"
  meta:
    dependency: transitive
    description:
      name: meta
      sha256: e3641ec5d63ebf0d9b41bd43201a66e3fc79a65db5f61fc181f04cd27aab950c
      url: "https://pub.dev"
    source: hosted
    version: "1.16.0"
sdks:
  dart: ">=3.5.3 <4.0.0"
